// !$*UTF8*$!
{
	archiveVersion = 1;
	classes = {
	};
	objectVersion = 46;
	objects = {

/* Begin PBXBuildFile section */
		6A7EFCDC1F781737007FFF2E /* main.cpp in Sources */ = {isa = PBXBuildFile; fileRef = 6A7EFCDB1F781737007FFF2E /* main.cpp */; };
		6A7EFCE41F781FCD007FFF2E /* gameClassCreator.cpp in Sources */ = {isa = PBXBuildFile; fileRef = 6A7EFCE21F781FCD007FFF2E /* gameClassCreator.cpp */; };
		6A7EFCE81F78238D007FFF2E /* pieceClasses.cpp in Sources */ = {isa = PBXBuildFile; fileRef = 6A7EFCE61F78238D007FFF2E /* pieceClasses.cpp */; };
/* End PBXBuildFile section */

/* Begin PBXCopyFilesBuildPhase section */
		6A7EFCD61F781737007FFF2E /* CopyFiles */ = {
			isa = PBXCopyFilesBuildPhase;
			buildActionMask = 2147483647;
			dstPath = /usr/share/man/man1/;
			dstSubfolderSpec = 0;
			files = (
			);
			runOnlyForDeploymentPostprocessing = 1;
		};
/* End PBXCopyFilesBuildPhase section */

/* Begin PBXFileReference section */
		6A7EFCD81F781737007FFF2E /* chessGame */ = {isa = PBXFileReference; explicitFileType = "compiled.mach-o.executable"; includeInIndex = 0; path = chessGame; sourceTree = BUILT_PRODUCTS_DIR; };
		6A7EFCDB1F781737007FFF2E /* main.cpp */ = {isa = PBXFileReference; lastKnownFileType = sourcecode.cpp.cpp; path = main.cpp; sourceTree = "<group>"; };
		6A7EFCE21F781FCD007FFF2E /* gameClassCreator.cpp */ = {isa = PBXFileReference; fileEncoding = 4; lastKnownFileType = sourcecode.cpp.cpp; path = gameClassCreator.cpp; sourceTree = "<group>"; };
		6A7EFCE31F781FCD007FFF2E /* gameClassCreator.hpp */ = {isa = PBXFileReference; fileEncoding = 4; lastKnownFileType = sourcecode.cpp.h; path = gameClassCreator.hpp; sourceTree = "<group>"; };
		6A7EFCE61F78238D007FFF2E /* pieceClasses.cpp */ = {isa = PBXFileReference; fileEncoding = 4; lastKnownFileType = sourcecode.cpp.cpp; path = pieceClasses.cpp; sourceTree = "<group>"; };
		6A7EFCE71F78238D007FFF2E /* pieceClasses.hpp */ = {isa = PBXFileReference; fileEncoding = 4; lastKnownFileType = sourcecode.cpp.h; path = pieceClasses.hpp; sourceTree = "<group>"; };
/* End PBXFileReference section */

/* Begin PBXFrameworksBuildPhase section */
		6A7EFCD51F781737007FFF2E /* Frameworks */ = {
			isa = PBXFrameworksBuildPhase;
			buildActionMask = 2147483647;
			files = (
			);
			runOnlyForDeploymentPostprocessing = 0;
		};
/* End PBXFrameworksBuildPhase section */

/* Begin PBXGroup section */
		6A7EFCCF1F781737007FFF2E = {
			isa = PBXGroup;
			children = (
				6A7EFCDA1F781737007FFF2E /* chessGame */,
				6A7EFCD91F781737007FFF2E /* Products */,
			);
			sourceTree = "<group>";
		};
		6A7EFCD91F781737007FFF2E /* Products */ = {
			isa = PBXGroup;
			children = (
				6A7EFCD81F781737007FFF2E /* chessGame */,
			);
			name = Products;
			sourceTree = "<group>";
		};
		6A7EFCDA1F781737007FFF2E /* chessGame */ = {
			isa = PBXGroup;
			children = (
				6A7EFCDB1F781737007FFF2E /* main.cpp */,
				6A7EFCE21F781FCD007FFF2E /* gameClassCreator.cpp */,
				6A7EFCE31F781FCD007FFF2E /* gameClassCreator.hpp */,
				6A7EFCE61F78238D007FFF2E /* pieceClasses.cpp */,
				6A7EFCE71F78238D007FFF2E /* pieceClasses.hpp */,
			);
			path = chessGame;
			sourceTree = "<group>";
		};
/* End PBXGroup section */

/* Begin PBXNativeTarget section */
		6A7EFCD71F781737007FFF2E /* chessGame */ = {
			isa = PBXNativeTarget;
			buildConfigurationList = 6A7EFCDF1F781737007FFF2E /* Build configuration list for PBXNativeTarget "chessGame" */;
			buildPhases = (
				6A7EFCD41F781737007FFF2E /* Sources */,
				6A7EFCD51F781737007FFF2E /* Frameworks */,
				6A7EFCD61F781737007FFF2E /* CopyFiles */,
			);
			buildRules = (
			);
			dependencies = (
			);
			name = chessGame;
			productName = chessGame;
			productReference = 6A7EFCD81F781737007FFF2E /* chessGame */;
			productType = "com.apple.product-type.tool";
		};
/* End PBXNativeTarget section */

/* Begin PBXProject section */
		6A7EFCD01F781737007FFF2E /* Project object */ = {
			isa = PBXProject;
			attributes = {
				LastUpgradeCheck = 0830;
				ORGANIZATIONNAME = "George Perkins";
				TargetAttributes = {
					6A7EFCD71F781737007FFF2E = {
						CreatedOnToolsVersion = 8.3.3;
						ProvisioningStyle = Automatic;
					};
				};
			};
			buildConfigurationList = 6A7EFCD31F781737007FFF2E /* Build configuration list for PBXProject "chessGame" */;
			compatibilityVersion = "Xcode 3.2";
			developmentRegion = English;
			hasScannedForEncodings = 0;
			knownRegions = (
				en,
			);
			mainGroup = 6A7EFCCF1F781737007FFF2E;
			productRefGroup = 6A7EFCD91F781737007FFF2E /* Products */;
			projectDirPath = "";
			projectRoot = "";
			targets = (
				6A7EFCD71F781737007FFF2E /* chessGame */,
			);
		};
/* End PBXProject section */

/* Begin PBXSourcesBuildPhase section */
		6A7EFCD41F781737007FFF2E /* Sources */ = {
			isa = PBXSourcesBuildPhase;
			buildActionMask = 2147483647;
			files = (
				6A7EFCDC1F781737007FFF2E /* main.cpp in Sources */,
				6A7EFCE41F781FCD007FFF2E /* gameClassCreator.cpp in Sources */,
				6A7EFCE81F78238D007FFF2E /* pieceClasses.cpp in Sources */,
			);
			runOnlyForDeploymentPostprocessing = 0;
		};
/* End PBXSourcesBuildPhase section */

/* Begin XCBuildConfiguration section */
		6A7EFCDD1F781737007FFF2E /* Debug */ = {
			isa = XCBuildConfiguration;
			buildSettings = {
				ALWAYS_SEARCH_USER_PATHS = NO;
				CLANG_ANALYZER_NONNULL = YES;
				CLANG_ANALYZER_NUMBER_OBJECT_CONVERSION = YES_AGGRESSIVE;
				CLANG_CXX_LANGUAGE_STANDARD = "gnu++0x";
				CLANG_CXX_LIBRARY = "libc++";
				CLANG_ENABLE_MODULES = YES;
				CLANG_ENABLE_OBJC_ARC = YES;
				CLANG_WARN_BOOL_CONVERSION = YES;
				CLANG_WARN_CONSTANT_CONVERSION = YES;
				CLANG_WARN_DIRECT_OBJC_ISA_USAGE = YES_ERROR;
				CLANG_WARN_DOCUMENTATION_COMMENTS = YES;
				CLANG_WARN_EMPTY_BODY = YES;
				CLANG_WARN_ENUM_CONVERSION = YES;
				CLANG_WARN_INFINITE_RECURSION = YES;
				CLANG_WARN_INT_CONVERSION = YES;
				CLANG_WARN_OBJC_ROOT_CLASS = YES_ERROR;
				CLANG_WARN_SUSPICIOUS_MOVE = YES;
				CLANG_WARN_UNREACHABLE_CODE = YES;
				CLANG_WARN__DUPLICATE_METHOD_MATCH = YES;
				CODE_SIGN_IDENTITY = "-";
				COPY_PHASE_STRIP = NO;
				DEBUG_INFORMATION_FORMAT = dwarf;
				ENABLE_STRICT_OBJC_MSGSEND = YES;
				ENABLE_TESTABILITY = YES;
				GCC_C_LANGUAGE_STANDARD = gnu99;
				GCC_DYNAMIC_NO_PIC = NO;
				GCC_NO_COMMON_BLOCKS = YES;
				GCC_OPTIMIZATION_LEVEL = 0;
				GCC_PREPROCESSOR_DEFINITIONS = (
					"DEBUG=1",
					"$(inherited)",
				);
				GCC_WARN_64_TO_32_BIT_CONVERSION = YES;
				GCC_WARN_ABOUT_RETURN_TYPE = YES_ERROR;
				GCC_WARN_UNDECLARED_SELECTOR = YES;
				GCC_WARN_UNINITIALIZED_AUTOS = YES_AGGRESSIVE;
				GCC_WARN_UNUSED_FUNCTION = YES;
				GCC_WARN_UNUSED_VARIABLE = YES;
				MACOSX_DEPLOYMENT_TARGET = 10.12;
				MTL_ENABLE_DEBUG_INFO = YES;
				ONLY_ACTIVE_ARCH = YES;
				SDKROOT = macosx;
			};
			name = Debug;
		};
		6A7EFCDE1F781737007FFF2E /* Release */ = {
			isa = XCBuildConfiguration;
			buildSettings = {
				ALWAYS_SEARCH_USER_PATHS = NO;
				CLANG_ANALYZER_NONNULL = YES;
				CLANG_ANALYZER_NUMBER_OBJECT_CONVERSION = YES_AGGRESSIVE;
				CLANG_CXX_LANGUAGE_STANDARD = "gnu++0x";
				CLANG_CXX_LIBRARY = "libc++";
				CLANG_ENABLE_MODULES = YES;
				CLANG_ENABLE_OBJC_ARC = YES;
				CLANG_WARN_BOOL_CONVERSION = YES;
				CLANG_WARN_CONSTANT_CONVERSION = YES;
				CLANG_WARN_DIRECT_OBJC_ISA_USAGE = YES_ERROR;
				CLANG_WARN_DOCUMENTATION_COMMENTS = YES;
				CLANG_WARN_EMPTY_BODY = YES;
				CLANG_WARN_ENUM_CONVERSION = YES;
				CLANG_WARN_INFINITE_RECURSION = YES;
				CLANG_WARN_INT_CONVERSION = YES;
				CLANG_WARN_OBJC_ROOT_CLASS = YES_ERROR;
				CLANG_WARN_SUSPICIOUS_MOVE = YES;
				CLANG_WARN_UNREACHABLE_CODE = YES;
				CLANG_WARN__DUPLICATE_METHOD_MATCH = YES;
				CODE_SIGN_IDENTITY = "-";
				COPY_PHASE_STRIP = NO;
				DEBUG_INFORMATION_FORMAT = "dwarf-with-dsym";
				ENABLE_NS_ASSERTIONS = NO;
				ENABLE_STRICT_OBJC_MSGSEND = YES;
				GCC_C_LANGUAGE_STANDARD = gnu99;
				GCC_NO_COMMON_BLOCKS = YES;
				GCC_WARN_64_TO_32_BIT_CONVERSION = YES;
				GCC_WARN_ABOUT_RETURN_TYPE = YES_ERROR;
				GCC_WARN_UNDECLARED_SELECTOR = YES;
				GCC_WARN_UNINITIALIZED_AUTOS = YES_AGGRESSIVE;
				GCC_WARN_UNUSED_FUNCTION = YES;
				GCC_WARN_UNUSED_VARIABLE = YES;
				MACOSX_DEPLOYMENT_TARGET = 10.12;
				MTL_ENABLE_DEBUG_INFO = NO;
				SDKROOT = macosx;
			};
			name = Release;
		};
		6A7EFCE01F781737007FFF2E /* Debug */ = {
			isa = XCBuildConfiguration;
			buildSettings = {
				PRODUCT_NAME = "$(TARGET_NAME)";
			};
			name = Debug;
		};
		6A7EFCE11F781737007FFF2E /* Release */ = {
			isa = XCBuildConfiguration;
			buildSettings = {
				PRODUCT_NAME = "$(TARGET_NAME)";
			};
			name = Release;
		};
/* End XCBuildConfiguration section */

/* Begin XCConfigurationList section */
		6A7EFCD31F781737007FFF2E /* Build configuration list for PBXProject "chessGame" */ = {
			isa = XCConfigurationList;
			buildConfigurations = (
				6A7EFCDD1F781737007FFF2E /* Debug */,
				6A7EFCDE1F781737007FFF2E /* Release */,
			);
			defaultConfigurationIsVisible = 0;
			defaultConfigurationName = Release;
		};
		6A7EFCDF1F781737007FFF2E /* Build configuration list for PBXNativeTarget "chessGame" */ = {
			isa = XCConfigurationList;
			buildConfigurations = (
				6A7EFCE01F781737007FFF2E /* Debug */,
				6A7EFCE11F781737007FFF2E /* Release */,
			);
			defaultConfigurationIsVisible = 0;
			defaultConfigurationName = Release;
		};
/* End XCConfigurationList section */
	};
	rootObject = 6A7EFCD01F781737007FFF2E /* Project object */;
}
